// !$*UTF8*$!
{
	archiveVersion = 1;
	classes = {
	};
	objectVersion = 46;
	objects = {

/* Begin PBXBuildFile section */
		3DC6459D1A0197DA0090B768 /* main.m in Sources */ = {isa = PBXBuildFile; fileRef = 3DC6459C1A0197DA0090B768 /* main.m */; };
		3DC645A01A0197DA0090B768 /* AppDelegate.m in Sources */ = {isa = PBXBuildFile; fileRef = 3DC6459F1A0197DA0090B768 /* AppDelegate.m */; };
		3DC645A31A0197DA0090B768 /* ViewController.m in Sources */ = {isa = PBXBuildFile; fileRef = 3DC645A21A0197DA0090B768 /* ViewController.m */; };
		3DC645A61A0197DA0090B768 /* Main.storyboard in Resources */ = {isa = PBXBuildFile; fileRef = 3DC645A41A0197DA0090B768 /* Main.storyboard */; };
		3DC645A81A0197DA0090B768 /* Images.xcassets in Resources */ = {isa = PBXBuildFile; fileRef = 3DC645A71A0197DA0090B768 /* Images.xcassets */; };
		3DC645AB1A0197DA0090B768 /* LaunchScreen.xib in Resources */ = {isa = PBXBuildFile; fileRef = 3DC645A91A0197DA0090B768 /* LaunchScreen.xib */; };
		3DC645B71A0197DA0090B768 /* MSISDNTests.m in Sources */ = {isa = PBXBuildFile; fileRef = 3DC645B61A0197DA0090B768 /* MSISDNTests.m */; };
		3DC645D41A019ADC0090B768 /* AFHTTPRequestOperation.m in Sources */ = {isa = PBXBuildFile; fileRef = 3DC645C21A019ADC0090B768 /* AFHTTPRequestOperation.m */; };
		3DC645D51A019ADC0090B768 /* AFHTTPRequestOperationManager.m in Sources */ = {isa = PBXBuildFile; fileRef = 3DC645C41A019ADC0090B768 /* AFHTTPRequestOperationManager.m */; };
		3DC645D61A019ADC0090B768 /* AFHTTPSessionManager.m in Sources */ = {isa = PBXBuildFile; fileRef = 3DC645C61A019ADC0090B768 /* AFHTTPSessionManager.m */; };
		3DC645D71A019ADC0090B768 /* AFNetworkReachabilityManager.m in Sources */ = {isa = PBXBuildFile; fileRef = 3DC645C91A019ADC0090B768 /* AFNetworkReachabilityManager.m */; };
		3DC645D81A019ADC0090B768 /* AFSecurityPolicy.m in Sources */ = {isa = PBXBuildFile; fileRef = 3DC645CB1A019ADC0090B768 /* AFSecurityPolicy.m */; };
		3DC645D91A019ADC0090B768 /* AFURLConnectionOperation.m in Sources */ = {isa = PBXBuildFile; fileRef = 3DC645CD1A019ADC0090B768 /* AFURLConnectionOperation.m */; };
		3DC645DA1A019ADC0090B768 /* AFURLRequestSerialization.m in Sources */ = {isa = PBXBuildFile; fileRef = 3DC645CF1A019ADC0090B768 /* AFURLRequestSerialization.m */; };
		3DC645DB1A019ADC0090B768 /* AFURLResponseSerialization.m in Sources */ = {isa = PBXBuildFile; fileRef = 3DC645D11A019ADC0090B768 /* AFURLResponseSerialization.m */; };
		3DC645DC1A019ADC0090B768 /* AFURLSessionManager.m in Sources */ = {isa = PBXBuildFile; fileRef = 3DC645D31A019ADC0090B768 /* AFURLSessionManager.m */; };
		3DC645DE1A019D4F0090B768 /* Security.framework in Frameworks */ = {isa = PBXBuildFile; fileRef = 3DC645DD1A019D4F0090B768 /* Security.framework */; };
		3DC645E01A019D540090B768 /* MobileCoreServices.framework in Frameworks */ = {isa = PBXBuildFile; fileRef = 3DC645DF1A019D540090B768 /* MobileCoreServices.framework */; };
		3DC645E21A019D5C0090B768 /* CoreGraphics.framework in Frameworks */ = {isa = PBXBuildFile; fileRef = 3DC645E11A019D5C0090B768 /* CoreGraphics.framework */; };
		3DC645E41A019D6D0090B768 /* SystemConfiguration.framework in Frameworks */ = {isa = PBXBuildFile; fileRef = 3DC645E31A019D6D0090B768 /* SystemConfiguration.framework */; };
		3DC645E61A019D760090B768 /* UIKit.framework in Frameworks */ = {isa = PBXBuildFile; fileRef = 3DC645E51A019D760090B768 /* UIKit.framework */; };
/* End PBXBuildFile section */

/* Begin PBXContainerItemProxy section */
		3DC645B11A0197DA0090B768 /* PBXContainerItemProxy */ = {
			isa = PBXContainerItemProxy;
			containerPortal = 3DC6458F1A0197DA0090B768 /* Project object */;
			proxyType = 1;
			remoteGlobalIDString = 3DC645961A0197DA0090B768;
			remoteInfo = MSISDN;
		};
/* End PBXContainerItemProxy section */

/* Begin PBXFileReference section */
		3DC645971A0197DA0090B768 /* MSISDN.app */ = {isa = PBXFileReference; explicitFileType = wrapper.application; includeInIndex = 0; path = MSISDN.app; sourceTree = BUILT_PRODUCTS_DIR; };
		3DC6459B1A0197DA0090B768 /* Info.plist */ = {isa = PBXFileReference; lastKnownFileType = text.plist.xml; path = Info.plist; sourceTree = "<group>"; };
		3DC6459C1A0197DA0090B768 /* main.m */ = {isa = PBXFileReference; lastKnownFileType = sourcecode.c.objc; path = main.m; sourceTree = "<group>"; };
		3DC6459E1A0197DA0090B768 /* AppDelegate.h */ = {isa = PBXFileReference; lastKnownFileType = sourcecode.c.h; path = AppDelegate.h; sourceTree = "<group>"; };
		3DC6459F1A0197DA0090B768 /* AppDelegate.m */ = {isa = PBXFileReference; lastKnownFileType = sourcecode.c.objc; path = AppDelegate.m; sourceTree = "<group>"; };
		3DC645A11A0197DA0090B768 /* ViewController.h */ = {isa = PBXFileReference; lastKnownFileType = sourcecode.c.h; path = ViewController.h; sourceTree = "<group>"; };
		3DC645A21A0197DA0090B768 /* ViewController.m */ = {isa = PBXFileReference; lastKnownFileType = sourcecode.c.objc; path = ViewController.m; sourceTree = "<group>"; };
		3DC645A51A0197DA0090B768 /* Base */ = {isa = PBXFileReference; lastKnownFileType = file.storyboard; name = Base; path = Base.lproj/Main.storyboard; sourceTree = "<group>"; };
		3DC645A71A0197DA0090B768 /* Images.xcassets */ = {isa = PBXFileReference; lastKnownFileType = folder.assetcatalog; path = Images.xcassets; sourceTree = "<group>"; };
		3DC645AA1A0197DA0090B768 /* Base */ = {isa = PBXFileReference; lastKnownFileType = file.xib; name = Base; path = Base.lproj/LaunchScreen.xib; sourceTree = "<group>"; };
		3DC645B01A0197DA0090B768 /* MSISDNTests.xctest */ = {isa = PBXFileReference; explicitFileType = wrapper.cfbundle; includeInIndex = 0; path = MSISDNTests.xctest; sourceTree = BUILT_PRODUCTS_DIR; };
		3DC645B51A0197DA0090B768 /* Info.plist */ = {isa = PBXFileReference; lastKnownFileType = text.plist.xml; path = Info.plist; sourceTree = "<group>"; };
		3DC645B61A0197DA0090B768 /* MSISDNTests.m */ = {isa = PBXFileReference; lastKnownFileType = sourcecode.c.objc; path = MSISDNTests.m; sourceTree = "<group>"; };
		3DC645C11A019ADC0090B768 /* AFHTTPRequestOperation.h */ = {isa = PBXFileReference; fileEncoding = 4; lastKnownFileType = sourcecode.c.h; path = AFHTTPRequestOperation.h; sourceTree = "<group>"; };
		3DC645C21A019ADC0090B768 /* AFHTTPRequestOperation.m */ = {isa = PBXFileReference; fileEncoding = 4; lastKnownFileType = sourcecode.c.objc; path = AFHTTPRequestOperation.m; sourceTree = "<group>"; };
		3DC645C31A019ADC0090B768 /* AFHTTPRequestOperationManager.h */ = {isa = PBXFileReference; fileEncoding = 4; lastKnownFileType = sourcecode.c.h; path = AFHTTPRequestOperationManager.h; sourceTree = "<group>"; };
		3DC645C41A019ADC0090B768 /* AFHTTPRequestOperationManager.m */ = {isa = PBXFileReference; fileEncoding = 4; lastKnownFileType = sourcecode.c.objc; path = AFHTTPRequestOperationManager.m; sourceTree = "<group>"; };
		3DC645C51A019ADC0090B768 /* AFHTTPSessionManager.h */ = {isa = PBXFileReference; fileEncoding = 4; lastKnownFileType = sourcecode.c.h; path = AFHTTPSessionManager.h; sourceTree = "<group>"; };
		3DC645C61A019ADC0090B768 /* AFHTTPSessionManager.m */ = {isa = PBXFileReference; fileEncoding = 4; lastKnownFileType = sourcecode.c.objc; path = AFHTTPSessionManager.m; sourceTree = "<group>"; };
		3DC645C71A019ADC0090B768 /* AFNetworking.h */ = {isa = PBXFileReference; fileEncoding = 4; lastKnownFileType = sourcecode.c.h; path = AFNetworking.h; sourceTree = "<group>"; };
		3DC645C81A019ADC0090B768 /* AFNetworkReachabilityManager.h */ = {isa = PBXFileReference; fileEncoding = 4; lastKnownFileType = sourcecode.c.h; path = AFNetworkReachabilityManager.h; sourceTree = "<group>"; };
		3DC645C91A019ADC0090B768 /* AFNetworkReachabilityManager.m */ = {isa = PBXFileReference; fileEncoding = 4; lastKnownFileType = sourcecode.c.objc; path = AFNetworkReachabilityManager.m; sourceTree = "<group>"; };
		3DC645CA1A019ADC0090B768 /* AFSecurityPolicy.h */ = {isa = PBXFileReference; fileEncoding = 4; lastKnownFileType = sourcecode.c.h; path = AFSecurityPolicy.h; sourceTree = "<group>"; };
		3DC645CB1A019ADC0090B768 /* AFSecurityPolicy.m */ = {isa = PBXFileReference; fileEncoding = 4; lastKnownFileType = sourcecode.c.objc; path = AFSecurityPolicy.m; sourceTree = "<group>"; };
		3DC645CC1A019ADC0090B768 /* AFURLConnectionOperation.h */ = {isa = PBXFileReference; fileEncoding = 4; lastKnownFileType = sourcecode.c.h; path = AFURLConnectionOperation.h; sourceTree = "<group>"; };
		3DC645CD1A019ADC0090B768 /* AFURLConnectionOperation.m */ = {isa = PBXFileReference; fileEncoding = 4; lastKnownFileType = sourcecode.c.objc; path = AFURLConnectionOperation.m; sourceTree = "<group>"; };
		3DC645CE1A019ADC0090B768 /* AFURLRequestSerialization.h */ = {isa = PBXFileReference; fileEncoding = 4; lastKnownFileType = sourcecode.c.h; path = AFURLRequestSerialization.h; sourceTree = "<group>"; };
		3DC645CF1A019ADC0090B768 /* AFURLRequestSerialization.m */ = {isa = PBXFileReference; fileEncoding = 4; lastKnownFileType = sourcecode.c.objc; path = AFURLRequestSerialization.m; sourceTree = "<group>"; };
		3DC645D01A019ADC0090B768 /* AFURLResponseSerialization.h */ = {isa = PBXFileReference; fileEncoding = 4; lastKnownFileType = sourcecode.c.h; path = AFURLResponseSerialization.h; sourceTree = "<group>"; };
		3DC645D11A019ADC0090B768 /* AFURLResponseSerialization.m */ = {isa = PBXFileReference; fileEncoding = 4; lastKnownFileType = sourcecode.c.objc; path = AFURLResponseSerialization.m; sourceTree = "<group>"; };
		3DC645D21A019ADC0090B768 /* AFURLSessionManager.h */ = {isa = PBXFileReference; fileEncoding = 4; lastKnownFileType = sourcecode.c.h; path = AFURLSessionManager.h; sourceTree = "<group>"; };
		3DC645D31A019ADC0090B768 /* AFURLSessionManager.m */ = {isa = PBXFileReference; fileEncoding = 4; lastKnownFileType = sourcecode.c.objc; path = AFURLSessionManager.m; sourceTree = "<group>"; };
		3DC645DD1A019D4F0090B768 /* Security.framework */ = {isa = PBXFileReference; lastKnownFileType = wrapper.framework; name = Security.framework; path = System/Library/Frameworks/Security.framework; sourceTree = SDKROOT; };
		3DC645DF1A019D540090B768 /* MobileCoreServices.framework */ = {isa = PBXFileReference; lastKnownFileType = wrapper.framework; name = MobileCoreServices.framework; path = System/Library/Frameworks/MobileCoreServices.framework; sourceTree = SDKROOT; };
		3DC645E11A019D5C0090B768 /* CoreGraphics.framework */ = {isa = PBXFileReference; lastKnownFileType = wrapper.framework; name = CoreGraphics.framework; path = System/Library/Frameworks/CoreGraphics.framework; sourceTree = SDKROOT; };
		3DC645E31A019D6D0090B768 /* SystemConfiguration.framework */ = {isa = PBXFileReference; lastKnownFileType = wrapper.framework; name = SystemConfiguration.framework; path = System/Library/Frameworks/SystemConfiguration.framework; sourceTree = SDKROOT; };
		3DC645E51A019D760090B768 /* UIKit.framework */ = {isa = PBXFileReference; lastKnownFileType = wrapper.framework; name = UIKit.framework; path = System/Library/Frameworks/UIKit.framework; sourceTree = SDKROOT; };
/* End PBXFileReference section */

/* Begin PBXFrameworksBuildPhase section */
		3DC645941A0197DA0090B768 /* Frameworks */ = {
			isa = PBXFrameworksBuildPhase;
			buildActionMask = 2147483647;
			files = (
				3DC645E61A019D760090B768 /* UIKit.framework in Frameworks */,
				3DC645E41A019D6D0090B768 /* SystemConfiguration.framework in Frameworks */,
				3DC645E21A019D5C0090B768 /* CoreGraphics.framework in Frameworks */,
				3DC645E01A019D540090B768 /* MobileCoreServices.framework in Frameworks */,
				3DC645DE1A019D4F0090B768 /* Security.framework in Frameworks */,
			);
			runOnlyForDeploymentPostprocessing = 0;
		};
		3DC645AD1A0197DA0090B768 /* Frameworks */ = {
			isa = PBXFrameworksBuildPhase;
			buildActionMask = 2147483647;
			files = (
			);
			runOnlyForDeploymentPostprocessing = 0;
		};
/* End PBXFrameworksBuildPhase section */

/* Begin PBXGroup section */
		3DC6458E1A0197DA0090B768 = {
			isa = PBXGroup;
			children = (
				3DC645E51A019D760090B768 /* UIKit.framework */,
				3DC645E31A019D6D0090B768 /* SystemConfiguration.framework */,
				3DC645E11A019D5C0090B768 /* CoreGraphics.framework */,
				3DC645DF1A019D540090B768 /* MobileCoreServices.framework */,
				3DC645DD1A019D4F0090B768 /* Security.framework */,
				3DC645991A0197DA0090B768 /* MSISDN */,
				3DC645B31A0197DA0090B768 /* MSISDNTests */,
				3DC645981A0197DA0090B768 /* Products */,
			);
			sourceTree = "<group>";
		};
		3DC645981A0197DA0090B768 /* Products */ = {
			isa = PBXGroup;
			children = (
				3DC645971A0197DA0090B768 /* MSISDN.app */,
				3DC645B01A0197DA0090B768 /* MSISDNTests.xctest */,
			);
			name = Products;
			sourceTree = "<group>";
		};
		3DC645991A0197DA0090B768 /* MSISDN */ = {
			isa = PBXGroup;
			children = (
				3DC645C01A019ADC0090B768 /* AFNetworking */,
				3DC6459E1A0197DA0090B768 /* AppDelegate.h */,
				3DC6459F1A0197DA0090B768 /* AppDelegate.m */,
				3DC645A11A0197DA0090B768 /* ViewController.h */,
				3DC645A21A0197DA0090B768 /* ViewController.m */,
				3DC645A41A0197DA0090B768 /* Main.storyboard */,
				3DC645A71A0197DA0090B768 /* Images.xcassets */,
				3DC645A91A0197DA0090B768 /* LaunchScreen.xib */,
				3DC6459A1A0197DA0090B768 /* Supporting Files */,
			);
			path = MSISDN;
			sourceTree = "<group>";
		};
		3DC6459A1A0197DA0090B768 /* Supporting Files */ = {
			isa = PBXGroup;
			children = (
				3DC6459B1A0197DA0090B768 /* Info.plist */,
				3DC6459C1A0197DA0090B768 /* main.m */,
			);
			name = "Supporting Files";
			sourceTree = "<group>";
		};
		3DC645B31A0197DA0090B768 /* MSISDNTests */ = {
			isa = PBXGroup;
			children = (
				3DC645B61A0197DA0090B768 /* MSISDNTests.m */,
				3DC645B41A0197DA0090B768 /* Supporting Files */,
			);
			path = MSISDNTests;
			sourceTree = "<group>";
		};
		3DC645B41A0197DA0090B768 /* Supporting Files */ = {
			isa = PBXGroup;
			children = (
				3DC645B51A0197DA0090B768 /* Info.plist */,
			);
			name = "Supporting Files";
			sourceTree = "<group>";
		};
		3DC645C01A019ADC0090B768 /* AFNetworking */ = {
			isa = PBXGroup;
			children = (
				3DC645C11A019ADC0090B768 /* AFHTTPRequestOperation.h */,
				3DC645C21A019ADC0090B768 /* AFHTTPRequestOperation.m */,
				3DC645C31A019ADC0090B768 /* AFHTTPRequestOperationManager.h */,
				3DC645C41A019ADC0090B768 /* AFHTTPRequestOperationManager.m */,
				3DC645C51A019ADC0090B768 /* AFHTTPSessionManager.h */,
				3DC645C61A019ADC0090B768 /* AFHTTPSessionManager.m */,
				3DC645C71A019ADC0090B768 /* AFNetworking.h */,
				3DC645C81A019ADC0090B768 /* AFNetworkReachabilityManager.h */,
				3DC645C91A019ADC0090B768 /* AFNetworkReachabilityManager.m */,
				3DC645CA1A019ADC0090B768 /* AFSecurityPolicy.h */,
				3DC645CB1A019ADC0090B768 /* AFSecurityPolicy.m */,
				3DC645CC1A019ADC0090B768 /* AFURLConnectionOperation.h */,
				3DC645CD1A019ADC0090B768 /* AFURLConnectionOperation.m */,
				3DC645CE1A019ADC0090B768 /* AFURLRequestSerialization.h */,
				3DC645CF1A019ADC0090B768 /* AFURLRequestSerialization.m */,
				3DC645D01A019ADC0090B768 /* AFURLResponseSerialization.h */,
				3DC645D11A019ADC0090B768 /* AFURLResponseSerialization.m */,
				3DC645D21A019ADC0090B768 /* AFURLSessionManager.h */,
				3DC645D31A019ADC0090B768 /* AFURLSessionManager.m */,
			);
			path = AFNetworking;
			sourceTree = "<group>";
		};
/* End PBXGroup section */

/* Begin PBXNativeTarget section */
		3DC645961A0197DA0090B768 /* MSISDN */ = {
			isa = PBXNativeTarget;
			buildConfigurationList = 3DC645BA1A0197DA0090B768 /* Build configuration list for PBXNativeTarget "MSISDN" */;
			buildPhases = (
				3DC645931A0197DA0090B768 /* Sources */,
				3DC645941A0197DA0090B768 /* Frameworks */,
				3DC645951A0197DA0090B768 /* Resources */,
			);
			buildRules = (
			);
			dependencies = (
			);
			name = MSISDN;
			productName = MSISDN;
			productReference = 3DC645971A0197DA0090B768 /* MSISDN.app */;
			productType = "com.apple.product-type.application";
		};
		3DC645AF1A0197DA0090B768 /* MSISDNTests */ = {
			isa = PBXNativeTarget;
			buildConfigurationList = 3DC645BD1A0197DA0090B768 /* Build configuration list for PBXNativeTarget "MSISDNTests" */;
			buildPhases = (
				3DC645AC1A0197DA0090B768 /* Sources */,
				3DC645AD1A0197DA0090B768 /* Frameworks */,
				3DC645AE1A0197DA0090B768 /* Resources */,
			);
			buildRules = (
			);
			dependencies = (
				3DC645B21A0197DA0090B768 /* PBXTargetDependency */,
			);
			name = MSISDNTests;
			productName = MSISDNTests;
			productReference = 3DC645B01A0197DA0090B768 /* MSISDNTests.xctest */;
			productType = "com.apple.product-type.bundle.unit-test";
		};
/* End PBXNativeTarget section */

/* Begin PBXProject section */
		3DC6458F1A0197DA0090B768 /* Project object */ = {
			isa = PBXProject;
			attributes = {
				LastUpgradeCheck = 0610;
				ORGANIZATIONNAME = "Jonas Boserup";
				TargetAttributes = {
					3DC645961A0197DA0090B768 = {
						CreatedOnToolsVersion = 6.1;
						DevelopmentTeam = ZU9WEF2738;
					};
					3DC645AF1A0197DA0090B768 = {
						CreatedOnToolsVersion = 6.1;
						TestTargetID = 3DC645961A0197DA0090B768;
					};
				};
			};
			buildConfigurationList = 3DC645921A0197DA0090B768 /* Build configuration list for PBXProject "MSISDN" */;
			compatibilityVersion = "Xcode 3.2";
			developmentRegion = English;
			hasScannedForEncodings = 0;
			knownRegions = (
				en,
				Base,
			);
			mainGroup = 3DC6458E1A0197DA0090B768;
			productRefGroup = 3DC645981A0197DA0090B768 /* Products */;
			projectDirPath = "";
			projectRoot = "";
			targets = (
				3DC645961A0197DA0090B768 /* MSISDN */,
				3DC645AF1A0197DA0090B768 /* MSISDNTests */,
			);
		};
/* End PBXProject section */

/* Begin PBXResourcesBuildPhase section */
		3DC645951A0197DA0090B768 /* Resources */ = {
			isa = PBXResourcesBuildPhase;
			buildActionMask = 2147483647;
			files = (
				3DC645A61A0197DA0090B768 /* Main.storyboard in Resources */,
				3DC645AB1A0197DA0090B768 /* LaunchScreen.xib in Resources */,
				3DC645A81A0197DA0090B768 /* Images.xcassets in Resources */,
			);
			runOnlyForDeploymentPostprocessing = 0;
		};
		3DC645AE1A0197DA0090B768 /* Resources */ = {
			isa = PBXResourcesBuildPhase;
			buildActionMask = 2147483647;
			files = (
			);
			runOnlyForDeploymentPostprocessing = 0;
		};
/* End PBXResourcesBuildPhase section */

/* Begin PBXSourcesBuildPhase section */
		3DC645931A0197DA0090B768 /* Sources */ = {
			isa = PBXSourcesBuildPhase;
			buildActionMask = 2147483647;
			files = (
				3DC645D41A019ADC0090B768 /* AFHTTPRequestOperation.m in Sources */,
				3DC645A31A0197DA0090B768 /* ViewController.m in Sources */,
				3DC645D51A019ADC0090B768 /* AFHTTPRequestOperationManager.m in Sources */,
				3DC645D71A019ADC0090B768 /* AFNetworkReachabilityManager.m in Sources */,
				3DC645DB1A019ADC0090B768 /* AFURLResponseSerialization.m in Sources */,
				3DC645D91A019ADC0090B768 /* AFURLConnectionOperation.m in Sources */,
				3DC645D81A019ADC0090B768 /* AFSecurityPolicy.m in Sources */,
				3DC645D61A019ADC0090B768 /* AFHTTPSessionManager.m in Sources */,
				3DC645DA1A019ADC0090B768 /* AFURLRequestSerialization.m in Sources */,
				3DC645DC1A019ADC0090B768 /* AFURLSessionManager.m in Sources */,
				3DC645A01A0197DA0090B768 /* AppDelegate.m in Sources */,
				3DC6459D1A0197DA0090B768 /* main.m in Sources */,
			);
			runOnlyForDeploymentPostprocessing = 0;
		};
		3DC645AC1A0197DA0090B768 /* Sources */ = {
			isa = PBXSourcesBuildPhase;
			buildActionMask = 2147483647;
			files = (
				3DC645B71A0197DA0090B768 /* MSISDNTests.m in Sources */,
			);
			runOnlyForDeploymentPostprocessing = 0;
		};
/* End PBXSourcesBuildPhase section */

/* Begin PBXTargetDependency section */
		3DC645B21A0197DA0090B768 /* PBXTargetDependency */ = {
			isa = PBXTargetDependency;
			target = 3DC645961A0197DA0090B768 /* MSISDN */;
			targetProxy = 3DC645B11A0197DA0090B768 /* PBXContainerItemProxy */;
		};
/* End PBXTargetDependency section */

/* Begin PBXVariantGroup section */
		3DC645A41A0197DA0090B768 /* Main.storyboard */ = {
			isa = PBXVariantGroup;
			children = (
				3DC645A51A0197DA0090B768 /* Base */,
			);
			name = Main.storyboard;
			sourceTree = "<group>";
		};
		3DC645A91A0197DA0090B768 /* LaunchScreen.xib */ = {
			isa = PBXVariantGroup;
			children = (
				3DC645AA1A0197DA0090B768 /* Base */,
			);
			name = LaunchScreen.xib;
			sourceTree = "<group>";
		};
/* End PBXVariantGroup section */

/* Begin XCBuildConfiguration section */
		3DC645B81A0197DA0090B768 /* Debug */ = {
			isa = XCBuildConfiguration;
			buildSettings = {
				ALWAYS_SEARCH_USER_PATHS = NO;
				CLANG_CXX_LANGUAGE_STANDARD = "gnu++0x";
				CLANG_CXX_LIBRARY = "libc++";
				CLANG_ENABLE_MODULES = YES;
				CLANG_ENABLE_OBJC_ARC = YES;
				CLANG_WARN_BOOL_CONVERSION = YES;
				CLANG_WARN_CONSTANT_CONVERSION = YES;
				CLANG_WARN_DIRECT_OBJC_ISA_USAGE = YES_ERROR;
				CLANG_WARN_EMPTY_BODY = YES;
				CLANG_WARN_ENUM_CONVERSION = YES;
				CLANG_WARN_INT_CONVERSION = YES;
				CLANG_WARN_OBJC_ROOT_CLASS = YES_ERROR;
				CLANG_WARN_UNREACHABLE_CODE = YES;
				CLANG_WARN__DUPLICATE_METHOD_MATCH = YES;
				"CODE_SIGN_IDENTITY[sdk=iphoneos*]" = "iPhone Developer";
				COPY_PHASE_STRIP = NO;
				ENABLE_STRICT_OBJC_MSGSEND = YES;
				GCC_C_LANGUAGE_STANDARD = gnu99;
				GCC_DYNAMIC_NO_PIC = NO;
				GCC_OPTIMIZATION_LEVEL = 0;
				GCC_PREPROCESSOR_DEFINITIONS = (
					"DEBUG=1",
					"$(inherited)",
				);
				GCC_SYMBOLS_PRIVATE_EXTERN = NO;
				GCC_WARN_64_TO_32_BIT_CONVERSION = YES;
				GCC_WARN_ABOUT_RETURN_TYPE = YES_ERROR;
				GCC_WARN_UNDECLARED_SELECTOR = YES;
				GCC_WARN_UNINITIALIZED_AUTOS = YES_AGGRESSIVE;
				GCC_WARN_UNUSED_FUNCTION = YES;
				GCC_WARN_UNUSED_VARIABLE = YES;
				IPHONEOS_DEPLOYMENT_TARGET = 8.1;
				MTL_ENABLE_DEBUG_INFO = YES;
				ONLY_ACTIVE_ARCH = YES;
				SDKROOT = iphoneos;
				TARGETED_DEVICE_FAMILY = "1,2";
			};
			name = Debug;
		};
		3DC645B91A0197DA0090B768 /* Release */ = {
			isa = XCBuildConfiguration;
			buildSettings = {
				ALWAYS_SEARCH_USER_PATHS = NO;
				CLANG_CXX_LANGUAGE_STANDARD = "gnu++0x";
				CLANG_CXX_LIBRARY = "libc++";
				CLANG_ENABLE_MODULES = YES;
				CLANG_ENABLE_OBJC_ARC = YES;
				CLANG_WARN_BOOL_CONVERSION = YES;
				CLANG_WARN_CONSTANT_CONVERSION = YES;
				CLANG_WARN_DIRECT_OBJC_ISA_USAGE = YES_ERROR;
				CLANG_WARN_EMPTY_BODY = YES;
				CLANG_WARN_ENUM_CONVERSION = YES;
				CLANG_WARN_INT_CONVERSION = YES;
				CLANG_WARN_OBJC_ROOT_CLASS = YES_ERROR;
				CLANG_WARN_UNREACHABLE_CODE = YES;
				CLANG_WARN__DUPLICATE_METHOD_MATCH = YES;
				"CODE_SIGN_IDENTITY[sdk=iphoneos*]" = "iPhone Developer";
				COPY_PHASE_STRIP = YES;
				ENABLE_NS_ASSERTIONS = NO;
				ENABLE_STRICT_OBJC_MSGSEND = YES;
				GCC_C_LANGUAGE_STANDARD = gnu99;
				GCC_WARN_64_TO_32_BIT_CONVERSION = YES;
				GCC_WARN_ABOUT_RETURN_TYPE = YES_ERROR;
				GCC_WARN_UNDECLARED_SELECTOR = YES;
				GCC_WARN_UNINITIALIZED_AUTOS = YES_AGGRESSIVE;
				GCC_WARN_UNUSED_FUNCTION = YES;
				GCC_WARN_UNUSED_VARIABLE = YES;
				IPHONEOS_DEPLOYMENT_TARGET = 8.1;
				MTL_ENABLE_DEBUG_INFO = NO;
				SDKROOT = iphoneos;
				TARGETED_DEVICE_FAMILY = "1,2";
				VALIDATE_PRODUCT = YES;
			};
			name = Release;
		};
		3DC645BB1A0197DA0090B768 /* Debug */ = {
			isa = XCBuildConfiguration;
			buildSettings = {
				ASSETCATALOG_COMPILER_APPICON_NAME = AppIcon;
				CODE_SIGN_IDENTITY = "iPhone Developer";
				"CODE_SIGN_IDENTITY[sdk=iphoneos*]" = "iPhone Developer";
				INFOPLIST_FILE = MSISDN/Info.plist;
				LD_RUNPATH_SEARCH_PATHS = "$(inherited) @executable_path/Frameworks";
				PRODUCT_NAME = "$(TARGET_NAME)";
				PROVISIONING_PROFILE = "";
			};
			name = Debug;
		};
		3DC645BC1A0197DA0090B768 /* Release */ = {
			isa = XCBuildConfiguration;
			buildSettings = {
				ASSETCATALOG_COMPILER_APPICON_NAME = AppIcon;
				CODE_SIGN_IDENTITY = "iPhone Developer";
				"CODE_SIGN_IDENTITY[sdk=iphoneos*]" = "iPhone Developer";
				INFOPLIST_FILE = MSISDN/Info.plist;
				LD_RUNPATH_SEARCH_PATHS = "$(inherited) @executable_path/Frameworks";
				PRODUCT_NAME = "$(TARGET_NAME)";
				PROVISIONING_PROFILE = "";
			};
			name = Release;
		};
		3DC645BE1A0197DA0090B768 /* Debug */ = {
			isa = XCBuildConfiguration;
			buildSettings = {
				BUNDLE_LOADER = "$(TEST_HOST)";
				FRAMEWORK_SEARCH_PATHS = (
					"$(SDKROOT)/Developer/Library/Frameworks",
					"$(inherited)",
				);
				GCC_PREPROCESSOR_DEFINITIONS = (
					"DEBUG=1",
					"$(inherited)",
				);
				INFOPLIST_FILE = MSISDNTests/Info.plist;
				LD_RUNPATH_SEARCH_PATHS = "$(inherited) @executable_path/Frameworks @loader_path/Frameworks";
				PRODUCT_NAME = "$(TARGET_NAME)";
				TEST_HOST = "$(BUILT_PRODUCTS_DIR)/MSISDN.app/MSISDN";
			};
			name = Debug;
		};
		3DC645BF1A0197DA0090B768 /* Release */ = {
			isa = XCBuildConfiguration;
			buildSettings = {
				BUNDLE_LOADER = "$(TEST_HOST)";
				FRAMEWORK_SEARCH_PATHS = (
					"$(SDKROOT)/Developer/Library/Frameworks",
					"$(inherited)",
				);
				INFOPLIST_FILE = MSISDNTests/Info.plist;
				LD_RUNPATH_SEARCH_PATHS = "$(inherited) @executable_path/Frameworks @loader_path/Frameworks";
				PRODUCT_NAME = "$(TARGET_NAME)";
				TEST_HOST = "$(BUILT_PRODUCTS_DIR)/MSISDN.app/MSISDN";
			};
			name = Release;
		};
/* End XCBuildConfiguration section */

/* Begin XCConfigurationList section */
		3DC645921A0197DA0090B768 /* Build configuration list for PBXProject "MSISDN" */ = {
			isa = XCConfigurationList;
			buildConfigurations = (
				3DC645B81A0197DA0090B768 /* Debug */,
				3DC645B91A0197DA0090B768 /* Release */,
			);
			defaultConfigurationIsVisible = 0;
			defaultConfigurationName = Release;
		};
		3DC645BA1A0197DA0090B768 /* Build configuration list for PBXNativeTarget "MSISDN" */ = {
			isa = XCConfigurationList;
			buildConfigurations = (
				3DC645BB1A0197DA0090B768 /* Debug */,
				3DC645BC1A0197DA0090B768 /* Release */,
			);
			defaultConfigurationIsVisible = 0;
			defaultConfigurationName = Release;
		};
		3DC645BD1A0197DA0090B768 /* Build configuration list for PBXNativeTarget "MSISDNTests" */ = {
			isa = XCConfigurationList;
			buildConfigurations = (
				3DC645BE1A0197DA0090B768 /* Debug */,
				3DC645BF1A0197DA0090B768 /* Release */,
			);
			defaultConfigurationIsVisible = 0;
			defaultConfigurationName = Release;
		};
/* End XCConfigurationList section */
	};
	rootObject = 3DC6458F1A0197DA0090B768 /* Project object */;
}
